Microsoft Visual Studio Solution File, Format Version 12.00
# Visual Studio Version 17
VisualStudioVersion = 17.0.31717.71
MinimumVisualStudioVersion = 10.0.40219.1
Project("{9A19103F-16F7-4668-BE54-9A1E7A4F7556}") = "MudBlazorVirtualize", "MudBlazorVirtualize.csproj", "{E0D17525-AC5C-445B-8D7A-A14F115DE83A}"
EndProject
Global
	GlobalSection(SolutionConfigurationPlatforms) = preSolution
		Debug|Any CPU = Debug|Any CPU
		Release|Any CPU = Release|Any CPU
	EndGlobalSection
	GlobalSection(ProjectConfigurationPlatforms) = postSolution
		{E0D17525-AC5C-445B-8D7A-A14F115DE83A}.Debug|Any CPU.ActiveCfg = Debug|Any CPU
		{E0D17525-AC5C-445B-8D7A-A14F115DE83A}.Debug|Any CPU.Build.0 = Debug|Any CPU
		{E0D17525-AC5C-445B-8D7A-A14F115DE83A}.Release|Any CPU.ActiveCfg = Release|Any CPU
		{E0D17525-AC5C-445B-8D7A-A14F115DE83A}.Release|Any CPU.Build.0 = Release|Any CPU
	EndGlobalSection
	GlobalSection(SolutionProperties) = preSolution
		HideSolutionNode = FALSE
	EndGlobalSection
	GlobalSection(ExtensibilityGlobals) = postSolution
		SolutionGuid = {B5154586-3F82-4558-B591-082DB6EF2234}
	EndGlobalSection
EndGlobal
